
Microsoft Visual Studio Solution File, Format Version 12.00
# Visual Studio 15
VisualStudioVersion = 15.0.27130.2036
MinimumVisualStudioVersion = 10.0.40219.1
Project("{9A19103F-16F7-4668-BE54-9A1E7A4F7556}") = "Built.Grpc", "src\Built.Grpc\Built.Grpc.csproj", "{0851F8CB-3018-441F-87BD-24BDCFC21577}"
EndProject
Project("{9A19103F-16F7-4668-BE54-9A1E7A4F7556}") = "Built", "src\Built\Built.csproj", "{C328E046-DF30-451F-969B-DC5955D43256}"
EndProject
Project("{2150E333-8FDC-42A3-9474-1A3956D46DE8}") = "samples", "samples", "{D94C7441-7ECE-40A8-9C40-AA875B83BFB4}"
EndProject
Project("{9A19103F-16F7-4668-BE54-9A1E7A4F7556}") = "Built.Grpc.SrvSample1", "samples\Built.Grpc.SrvSample1\Built.Grpc.SrvSample1.csproj", "{442361F1-5338-417E-96EE-F025F4C3ACC6}"
EndProject
Project("{9A19103F-16F7-4668-BE54-9A1E7A4F7556}") = "Built.Grpc.ClientSample1", "samples\Built.Grpc.ClientSample1\Built.Grpc.ClientSample1.csproj", "{96A2F082-3D66-4423-B0BF-F48ADF944563}"
EndProject
Project("{9A19103F-16F7-4668-BE54-9A1E7A4F7556}") = "Built.Grpc.ContractsSample1", "samples\Built.Grpc.ContractsSample1\Built.Grpc.ContractsSample1.csproj", "{B4B382C8-6DE1-498A-A7F6-23A335867A5E}"
EndProject
Project("{9A19103F-16F7-4668-BE54-9A1E7A4F7556}") = "Built.Grpc.ImplSample1", "samples\Built.Grpc.ImplSample1\Built.Grpc.ImplSample1.csproj", "{1D2D336E-0C8C-4212-9637-D47DA8D9C987}"
EndProject
Project("{2150E333-8FDC-42A3-9474-1A3956D46DE8}") = "nuget", "nuget", "{A16B0527-C56B-46E6-BA2A-7DD782CBD6D5}"
	ProjectSection(SolutionItems) = preProject
		nuget\copy_moc.bat = nuget\copy_moc.bat
		nuget\MagicOnion.HttpGateway.nuspec = nuget\MagicOnion.HttpGateway.nuspec
		nuget\MagicOnion.nuspec = nuget\MagicOnion.nuspec
		nuget\nuget.exe = nuget\nuget.exe
		nuget\pack.bat = nuget\pack.bat
		nuget\push.bat = nuget\push.bat
	EndProjectSection
EndProject
Project("{9A19103F-16F7-4668-BE54-9A1E7A4F7556}") = "Built.Grpc.HttpGateway", "src\Built.Grpc.HttpGateway\Built.Grpc.HttpGateway.csproj", "{26FB3CC5-7FC5-4B96-B39E-F9E2B24562BF}"
EndProject
Project("{9A19103F-16F7-4668-BE54-9A1E7A4F7556}") = "Built.Grpc.HttpGateway.Sample1", "samples\Built.Grpc.HttpGateway.Sample1\Built.Grpc.HttpGateway.Sample1.csproj", "{1288D185-1994-4899-B5AE-DB6FEEC066A3}"
EndProject
Project("{2150E333-8FDC-42A3-9474-1A3956D46DE8}") = "tools", "tools", "{7B8760F3-9B85-4EEF-8596-627343209237}"
EndProject
Project("{9A19103F-16F7-4668-BE54-9A1E7A4F7556}") = "Built.Tool.CodeGenerator", "tools\Built.Tool.CodeGenerator\Built.Tool.CodeGenerator.csproj", "{3D6F4B7C-7929-40D0-A541-26FA9C4AB7BA}"
EndProject
Project("{9A19103F-16F7-4668-BE54-9A1E7A4F7556}") = "Built.Extensions.Configuration.Yaml", "src\Built.Configuration.Yaml\Built.Extensions.Configuration.Yaml.csproj", "{2A4C036F-145F-437C-8BFC-F75F6A51DF3A}"
EndProject
Project("{2150E333-8FDC-42A3-9474-1A3956D46DE8}") = "tests", "tests", "{2C5BECFB-EB25-4A2A-9D42-62174E6D045D}"
EndProject
Project("{9A19103F-16F7-4668-BE54-9A1E7A4F7556}") = "Built.Extensions.Configuration.Yaml.Tests", "tests\Built.Configuration.Yaml.Tests\Built.Extensions.Configuration.Yaml.Tests.csproj", "{0D4436AA-D3BB-4590-A250-1CFA1287B05F}"
EndProject
Project("{9A19103F-16F7-4668-BE54-9A1E7A4F7556}") = "Built.Extensions.Configuration.Consul", "src\Built.Extensions.Configuration.Consul\Built.Extensions.Configuration.Consul.csproj", "{8C76728B-A0B4-475E-B623-92B6EA369570}"
EndProject
Project("{2150E333-8FDC-42A3-9474-1A3956D46DE8}") = "docs", "docs", "{470B5A89-B0FD-4D57-AD08-EA9C6607AEB2}"
	ProjectSection(SolutionItems) = preProject
		docs\README.md = docs\README.md
	EndProjectSection
EndProject
Project("{2150E333-8FDC-42A3-9474-1A3956D46DE8}") = "extensions", "extensions", "{68410025-D500-4DAC-A564-04EA8D0E59E2}"
EndProject
Project("{2150E333-8FDC-42A3-9474-1A3956D46DE8}") = "benchmarks", "benchmarks", "{0A0616C1-6960-483C-AC23-21F70B8E0E9B}"
	ProjectSection(SolutionItems) = preProject
		benchmarks\README.md = benchmarks\README.md
	EndProjectSection
EndProject
Project("{9A19103F-16F7-4668-BE54-9A1E7A4F7556}") = "Built.Benchmark.Rpc", "benchmarks\Built.Benchmark.Rpc\Built.Benchmark.Rpc.csproj", "{8F0CA6D4-B8E5-4BDD-8860-B4B0CBB7F065}"
EndProject
Project("{9A19103F-16F7-4668-BE54-9A1E7A4F7556}") = "Built.Grpc.GatewaySwagger.Sample1", "samples\Built.Grpc.GatewaySwagger.Sample1\Built.Grpc.GatewaySwagger.Sample1.csproj", "{4D27CDF0-6FE0-4F1F-98A7-B54E6B7120AF}"
EndProject
Project("{2150E333-8FDC-42A3-9474-1A3956D46DE8}") = "demos", "demos", "{B49E4651-6C30-48FF-A997-67C7B7BADE0C}"
	ProjectSection(SolutionItems) = preProject
		demos\README.md = demos\README.md
	EndProjectSection
EndProject
Project("{9A19103F-16F7-4668-BE54-9A1E7A4F7556}") = "Built.Blazor.Demo", "demos\Built.Blazor.Demo\Built.Blazor.Demo.csproj", "{4D45680C-3DE3-49E2-94DC-779C7F702AE5}"
EndProject
Project("{9A19103F-16F7-4668-BE54-9A1E7A4F7556}") = "Built.SignalR.Demo", "demos\Built.SignalR.Demo\Built.SignalR.Demo.csproj", "{A5DB0BAF-A0AC-4E9D-B87E-A4B8120494CD}"
EndProject
Project("{9A19103F-16F7-4668-BE54-9A1E7A4F7556}") = "Built.Blazor.HostDemo.Server", "demos\Built.Blazor.HostDemo.Server\Built.Blazor.HostDemo.Server.csproj", "{BC3E881C-1C12-4FFB-80C2-E2D3D22DAA98}"
EndProject
Project("{9A19103F-16F7-4668-BE54-9A1E7A4F7556}") = "Built.Blazor.HostDemo.Client", "demos\Built.Blazor.HostDemo.Client\Built.Blazor.HostDemo.Client.csproj", "{626E9A12-E979-492F-894C-8338C846E748}"
EndProject
Project("{9A19103F-16F7-4668-BE54-9A1E7A4F7556}") = "Built.Blazor.HostDemo.Shared", "demos\Built.Blazor.HostDemo.Shared\Built.Blazor.HostDemo.Shared.csproj", "{20F43B5B-6C25-458E-80E1-51FDDD067704}"
EndProject
Project("{9A19103F-16F7-4668-BE54-9A1E7A4F7556}") = "Built.Blazor.ServerSideDemo.Server", "demos\Built.Blazor.ServerSideDemo.Server\Built.Blazor.ServerSideDemo.Server.csproj", "{D5D8A9B7-916C-4519-BDE7-86F942C6C4CF}"
EndProject
Project("{9A19103F-16F7-4668-BE54-9A1E7A4F7556}") = "Built.Blazor.ServerSideDemo.App", "demos\Built.Blazor.ServerSideDemo.App\Built.Blazor.ServerSideDemo.App.csproj", "{F87B4389-135A-4746-9B67-47994817373F}"
EndProject
Project("{2150E333-8FDC-42A3-9474-1A3956D46DE8}") = "Blazor", "Blazor", "{505F64A0-20C6-4D3D-9B4A-42E40935E335}"
EndProject
Project("{2150E333-8FDC-42A3-9474-1A3956D46DE8}") = "SignalR", "SignalR", "{76CBB419-DFC3-47E7-84F8-E1C92E0E799D}"
EndProject
Project("{2150E333-8FDC-42A3-9474-1A3956D46DE8}") = "EventBus", "EventBus", "{EBD440FC-D294-4731-BDDB-7039902C9BFC}"
EndProject
Project("{9A19103F-16F7-4668-BE54-9A1E7A4F7556}") = "Built.EventBus.NServiceBus.ServerDemo", "demos\Built.EventBus.NServiceBus.ServerDemo\Built.EventBus.NServiceBus.ServerDemo.csproj", "{D91167F7-97A1-4875-8928-9B80B9B4AA22}"
EndProject
Project("{9A19103F-16F7-4668-BE54-9A1E7A4F7556}") = "Built.EventBus.MassTransit.ServerDemo", "demos\Built.EventBus.MassTransit.ServerDemo\Built.EventBus.MassTransit.ServerDemo.csproj", "{7D4BA524-6C86-4F73-AC5F-8E9D231E3C3C}"
EndProject
Project("{9A19103F-16F7-4668-BE54-9A1E7A4F7556}") = "Built.EventBus.CAP.Demo", "demos\Built.EventBus.CAP.Demo\Built.EventBus.CAP.Demo.csproj", "{7921B532-82AB-4618-B5E5-802610AFF56F}"
EndProject
Project("{2150E333-8FDC-42A3-9474-1A3956D46DE8}") = "Actor", "Actor", "{6C2171E0-784E-40B7-A92A-D2DC676E4D4E}"
EndProject
Project("{2150E333-8FDC-42A3-9474-1A3956D46DE8}") = "Akka", "Akka", "{EF92F1FE-00E0-478E-9ED5-BFC6E6A407B9}"
EndProject
Project("{2150E333-8FDC-42A3-9474-1A3956D46DE8}") = "Orleans", "Orleans", "{F5074D73-ADA8-43F6-BAD9-CFF1348F76B0}"
EndProject
Project("{9A19103F-16F7-4668-BE54-9A1E7A4F7556}") = "Built.ConsoleApp1", "samples\Built.ConsoleApp1\Built.ConsoleApp1.csproj", "{61D8205C-6EE6-4B63-8AFF-B24CA54DB219}"
EndProject
Project("{2150E333-8FDC-42A3-9474-1A3956D46DE8}") = "Solution Items", "Solution Items", "{71659660-5AAD-48DC-9123-EF60FE221A7A}"
	ProjectSection(SolutionItems) = preProject
		README.md = README.md
	EndProjectSection
EndProject
Project("{2150E333-8FDC-42A3-9474-1A3956D46DE8}") = "AOP", "AOP", "{03AF2EB8-15BA-443E-9516-108DB1E8B66C}"
EndProject
Project("{2150E333-8FDC-42A3-9474-1A3956D46DE8}") = "APM", "APM", "{AFB4B38E-C4D9-4DC7-A6E2-A8CF9C45F687}"
EndProject
Project("{2150E333-8FDC-42A3-9474-1A3956D46DE8}") = "DDD", "DDD", "{202706C1-2FE2-4395-BC67-6A509807DED6}"
EndProject
Project("{2150E333-8FDC-42A3-9474-1A3956D46DE8}") = "Emit", "Emit", "{61D74E9E-6088-4E2A-A5A2-E8FE37C95920}"
EndProject
Project("{9A19103F-16F7-4668-BE54-9A1E7A4F7556}") = "Built.Emit.CreateDynamicProxy", "demos\Built.Emit.CreateDynamicProxy\Built.Emit.CreateDynamicProxy.csproj", "{BDA6268A-ADF2-4DA3-8053-81CA4AD007B0}"
EndProject
Project("{FAE04EC0-301F-11D3-BF4B-00C04F79EFBC}") = "Built.Emit.CreateMembers", "demos\Built.Emit.CreateMembers\Built.Emit.CreateMembers.csproj", "{C4DFB7F2-8C56-4036-B4FF-E56B456B3943}"
EndProject
Project("{FAE04EC0-301F-11D3-BF4B-00C04F79EFBC}") = "Built.Emit.Introduction", "demos\Built.Emit.Introduction\Built.Emit.Introduction.csproj", "{38396364-FAFD-4D67-B265-32B108A797C0}"
EndProject
Project("{2150E333-8FDC-42A3-9474-1A3956D46DE8}") = "MP", "MP", "{E8342640-AAA2-481E-8ECB-DE3D0999E642}"
EndProject
Project("{2150E333-8FDC-42A3-9474-1A3956D46DE8}") = "MediatR", "MediatR", "{E0E08D57-E96A-4426-B1B2-67C7C237FFE1}"
EndProject
Project("{2150E333-8FDC-42A3-9474-1A3956D46DE8}") = "ML", "ML", "{C015DF55-DF0E-4E17-B17A-119510569908}"
EndProject
Project("{9A19103F-16F7-4668-BE54-9A1E7A4F7556}") = "Built.ML.Demo1", "demos\Built.ML.Demo1\Built.ML.Demo1.csproj", "{59697F8E-2254-42D1-A7F7-6217E3FB4CF6}"
EndProject
Project("{2150E333-8FDC-42A3-9474-1A3956D46DE8}") = "Castle", "Castle", "{CC8A3EAF-5103-4B98-AE06-A5154B6AD92C}"
EndProject
Project("{9A19103F-16F7-4668-BE54-9A1E7A4F7556}") = "Built.AOP.Castle.Demo1", "demos\Built.AOP.Castle.Demo1\Built.AOP.Castle.Demo1.csproj", "{B4514612-7B96-4FF6-B19B-DE46ABF254EE}"
EndProject
Project("{2150E333-8FDC-42A3-9474-1A3956D46DE8}") = "PostSharp", "PostSharp", "{97999BCA-D1BA-4FB4-9025-2652A69828B9}"
EndProject
Project("{2150E333-8FDC-42A3-9474-1A3956D46DE8}") = "AspectInjector", "AspectInjector", "{567E19C0-8754-4CAD-8A4C-F80D39E3D723}"
EndProject
Project("{9A19103F-16F7-4668-BE54-9A1E7A4F7556}") = "Built.AOP.AspectInjector.Demo1", "demos\Built.AOP.AspectInjector.Demo1\Built.AOP.AspectInjector.Demo1.csproj", "{50B9453C-A0FB-4682-912D-9B9C23230200}"
EndProject
Project("{2150E333-8FDC-42A3-9474-1A3956D46DE8}") = "Chain", "Chain", "{599B4159-93CA-438C-A99C-CC37ABBD1DEB}"
EndProject
Project("{2150E333-8FDC-42A3-9474-1A3956D46DE8}") = "ZipKin", "ZipKin", "{601783CD-7E58-4934-9A47-C6826895AC10}"
EndProject
Project("{2150E333-8FDC-42A3-9474-1A3956D46DE8}") = "Skywalking", "Skywalking", "{A36238D6-F8E9-4E77-B88F-407506DD8847}"
EndProject
Project("{2150E333-8FDC-42A3-9474-1A3956D46DE8}") = "Jaeger", "Jaeger", "{449A9553-C358-4C06-9C09-AEEAB7FD0537}"
EndProject
Project("{2150E333-8FDC-42A3-9474-1A3956D46DE8}") = "SpringCloud", "SpringCloud", "{70EEE6FB-B5B2-44FC-AC79-66F28FC319E3}"
EndProject
Project("{2150E333-8FDC-42A3-9474-1A3956D46DE8}") = "Steeltoe", "Steeltoe", "{828C1753-07B9-48FA-B7F8-8CD7DA6D29B6}"
EndProject
Project("{2150E333-8FDC-42A3-9474-1A3956D46DE8}") = "micros", "micros", "{C8A38ED4-DD14-41EB-9E25-E045CD2E7E55}"
EndProject
Project("{9A19103F-16F7-4668-BE54-9A1E7A4F7556}") = "Built.Micro.ImageCloud", "micros\Built.Micro.ImageCloud\Built.Micro.ImageCloud.csproj", "{0B9C8108-6C10-4E7F-B729-33E8715B1DBF}"
EndProject
Project("{2150E333-8FDC-42A3-9474-1A3956D46DE8}") = "MiniProfiler", "MiniProfiler", "{DEA25E76-1B0D-4185-84DF-3DAE5A3D09B9}"
EndProject
Project("{2150E333-8FDC-42A3-9474-1A3956D46DE8}") = "Log", "Log", "{D7DB45E1-06C1-4EFB-971F-C360DC75C4E6}"
EndProject
Project("{2150E333-8FDC-42A3-9474-1A3956D46DE8}") = "ELK", "ELK", "{2A815B7C-B540-40C5-BBD6-AFE6C26FE32E}"
EndProject
Project("{2150E333-8FDC-42A3-9474-1A3956D46DE8}") = "Exceptionless", "Exceptionless", "{C31313CD-A5B9-4AF7-98B6-31031894FE93}"
EndProject
Project("{2150E333-8FDC-42A3-9474-1A3956D46DE8}") = "ELMAH", "ELMAH", "{749F7286-5EA5-4A9F-996C-274372A07D10}"
EndProject
Project("{FAE04EC0-301F-11D3-BF4B-00C04F79EFBC}") = "Built.Micro.OAuthCloud", "micros\Built.Micro.OAuthCloud\Built.Micro.OAuthCloud.csproj", "{574372B6-33AD-4E33-A6A4-B65337CED43D}"
EndProject
Global
	GlobalSection(SolutionConfigurationPlatforms) = preSolution
		Debug|Any CPU = Debug|Any CPU
		Debug|x86 = Debug|x86
		Release|Any CPU = Release|Any CPU
		Release|x86 = Release|x86
	EndGlobalSection
	GlobalSection(ProjectConfigurationPlatforms) = postSolution
		{0851F8CB-3018-441F-87BD-24BDCFC21577}.Debug|Any CPU.ActiveCfg = Debug|Any CPU
		{0851F8CB-3018-441F-87BD-24BDCFC21577}.Debug|Any CPU.Build.0 = Debug|Any CPU
		{0851F8CB-3018-441F-87BD-24BDCFC21577}.Debug|x86.ActiveCfg = Debug|Any CPU
		{0851F8CB-3018-441F-87BD-24BDCFC21577}.Debug|x86.Build.0 = Debug|Any CPU
		{0851F8CB-3018-441F-87BD-24BDCFC21577}.Release|Any CPU.ActiveCfg = Release|Any CPU
		{0851F8CB-3018-441F-87BD-24BDCFC21577}.Release|Any CPU.Build.0 = Release|Any CPU
		{0851F8CB-3018-441F-87BD-24BDCFC21577}.Release|x86.ActiveCfg = Release|Any CPU
		{0851F8CB-3018-441F-87BD-24BDCFC21577}.Release|x86.Build.0 = Release|Any CPU
		{C328E046-DF30-451F-969B-DC5955D43256}.Debug|Any CPU.ActiveCfg = Debug|Any CPU
		{C328E046-DF30-451F-969B-DC5955D43256}.Debug|Any CPU.Build.0 = Debug|Any CPU
		{C328E046-DF30-451F-969B-DC5955D43256}.Debug|x86.ActiveCfg = Debug|Any CPU
		{C328E046-DF30-451F-969B-DC5955D43256}.Debug|x86.Build.0 = Debug|Any CPU
		{C328E046-DF30-451F-969B-DC5955D43256}.Release|Any CPU.ActiveCfg = Release|Any CPU
		{C328E046-DF30-451F-969B-DC5955D43256}.Release|Any CPU.Build.0 = Release|Any CPU
		{C328E046-DF30-451F-969B-DC5955D43256}.Release|x86.ActiveCfg = Release|Any CPU
		{C328E046-DF30-451F-969B-DC5955D43256}.Release|x86.Build.0 = Release|Any CPU
		{442361F1-5338-417E-96EE-F025F4C3ACC6}.Debug|Any CPU.ActiveCfg = Debug|Any CPU
		{442361F1-5338-417E-96EE-F025F4C3ACC6}.Debug|Any CPU.Build.0 = Debug|Any CPU
		{442361F1-5338-417E-96EE-F025F4C3ACC6}.Debug|x86.ActiveCfg = Debug|Any CPU
		{442361F1-5338-417E-96EE-F025F4C3ACC6}.Debug|x86.Build.0 = Debug|Any CPU
		{442361F1-5338-417E-96EE-F025F4C3ACC6}.Release|Any CPU.ActiveCfg = Release|Any CPU
		{442361F1-5338-417E-96EE-F025F4C3ACC6}.Release|Any CPU.Build.0 = Release|Any CPU
		{442361F1-5338-417E-96EE-F025F4C3ACC6}.Release|x86.ActiveCfg = Release|Any CPU
		{442361F1-5338-417E-96EE-F025F4C3ACC6}.Release|x86.Build.0 = Release|Any CPU
		{96A2F082-3D66-4423-B0BF-F48ADF944563}.Debug|Any CPU.ActiveCfg = Debug|Any CPU
		{96A2F082-3D66-4423-B0BF-F48ADF944563}.Debug|Any CPU.Build.0 = Debug|Any CPU
		{96A2F082-3D66-4423-B0BF-F48ADF944563}.Debug|x86.ActiveCfg = Debug|Any CPU
		{96A2F082-3D66-4423-B0BF-F48ADF944563}.Debug|x86.Build.0 = Debug|Any CPU
		{96A2F082-3D66-4423-B0BF-F48ADF944563}.Release|Any CPU.ActiveCfg = Release|Any CPU
		{96A2F082-3D66-4423-B0BF-F48ADF944563}.Release|Any CPU.Build.0 = Release|Any CPU
		{96A2F082-3D66-4423-B0BF-F48ADF944563}.Release|x86.ActiveCfg = Release|Any CPU
		{96A2F082-3D66-4423-B0BF-F48ADF944563}.Release|x86.Build.0 = Release|Any CPU
		{B4B382C8-6DE1-498A-A7F6-23A335867A5E}.Debug|Any CPU.ActiveCfg = Debug|Any CPU
		{B4B382C8-6DE1-498A-A7F6-23A335867A5E}.Debug|Any CPU.Build.0 = Debug|Any CPU
		{B4B382C8-6DE1-498A-A7F6-23A335867A5E}.Debug|x86.ActiveCfg = Debug|Any CPU
		{B4B382C8-6DE1-498A-A7F6-23A335867A5E}.Debug|x86.Build.0 = Debug|Any CPU
		{B4B382C8-6DE1-498A-A7F6-23A335867A5E}.Release|Any CPU.ActiveCfg = Release|Any CPU
		{B4B382C8-6DE1-498A-A7F6-23A335867A5E}.Release|Any CPU.Build.0 = Release|Any CPU
		{B4B382C8-6DE1-498A-A7F6-23A335867A5E}.Release|x86.ActiveCfg = Release|Any CPU
		{B4B382C8-6DE1-498A-A7F6-23A335867A5E}.Release|x86.Build.0 = Release|Any CPU
		{1D2D336E-0C8C-4212-9637-D47DA8D9C987}.Debug|Any CPU.ActiveCfg = Debug|Any CPU
		{1D2D336E-0C8C-4212-9637-D47DA8D9C987}.Debug|Any CPU.Build.0 = Debug|Any CPU
		{1D2D336E-0C8C-4212-9637-D47DA8D9C987}.Debug|x86.ActiveCfg = Debug|Any CPU
		{1D2D336E-0C8C-4212-9637-D47DA8D9C987}.Debug|x86.Build.0 = Debug|Any CPU
		{1D2D336E-0C8C-4212-9637-D47DA8D9C987}.Release|Any CPU.ActiveCfg = Release|Any CPU
		{1D2D336E-0C8C-4212-9637-D47DA8D9C987}.Release|Any CPU.Build.0 = Release|Any CPU
		{1D2D336E-0C8C-4212-9637-D47DA8D9C987}.Release|x86.ActiveCfg = Release|Any CPU
		{1D2D336E-0C8C-4212-9637-D47DA8D9C987}.Release|x86.Build.0 = Release|Any CPU
		{26FB3CC5-7FC5-4B96-B39E-F9E2B24562BF}.Debug|Any CPU.ActiveCfg = Debug|Any CPU
		{26FB3CC5-7FC5-4B96-B39E-F9E2B24562BF}.Debug|Any CPU.Build.0 = Debug|Any CPU
		{26FB3CC5-7FC5-4B96-B39E-F9E2B24562BF}.Debug|x86.ActiveCfg = Debug|Any CPU
		{26FB3CC5-7FC5-4B96-B39E-F9E2B24562BF}.Debug|x86.Build.0 = Debug|Any CPU
		{26FB3CC5-7FC5-4B96-B39E-F9E2B24562BF}.Release|Any CPU.ActiveCfg = Release|Any CPU
		{26FB3CC5-7FC5-4B96-B39E-F9E2B24562BF}.Release|Any CPU.Build.0 = Release|Any CPU
		{26FB3CC5-7FC5-4B96-B39E-F9E2B24562BF}.Release|x86.ActiveCfg = Release|Any CPU
		{26FB3CC5-7FC5-4B96-B39E-F9E2B24562BF}.Release|x86.Build.0 = Release|Any CPU
		{1288D185-1994-4899-B5AE-DB6FEEC066A3}.Debug|Any CPU.ActiveCfg = Debug|Any CPU
		{1288D185-1994-4899-B5AE-DB6FEEC066A3}.Debug|Any CPU.Build.0 = Debug|Any CPU
		{1288D185-1994-4899-B5AE-DB6FEEC066A3}.Debug|x86.ActiveCfg = Debug|Any CPU
		{1288D185-1994-4899-B5AE-DB6FEEC066A3}.Debug|x86.Build.0 = Debug|Any CPU
		{1288D185-1994-4899-B5AE-DB6FEEC066A3}.Release|Any CPU.ActiveCfg = Release|Any CPU
		{1288D185-1994-4899-B5AE-DB6FEEC066A3}.Release|Any CPU.Build.0 = Release|Any CPU
		{1288D185-1994-4899-B5AE-DB6FEEC066A3}.Release|x86.ActiveCfg = Release|Any CPU
		{1288D185-1994-4899-B5AE-DB6FEEC066A3}.Release|x86.Build.0 = Release|Any CPU
		{3D6F4B7C-7929-40D0-A541-26FA9C4AB7BA}.Debug|Any CPU.ActiveCfg = Debug|Any CPU
		{3D6F4B7C-7929-40D0-A541-26FA9C4AB7BA}.Debug|Any CPU.Build.0 = Debug|Any CPU
		{3D6F4B7C-7929-40D0-A541-26FA9C4AB7BA}.Debug|x86.ActiveCfg = Debug|Any CPU
		{3D6F4B7C-7929-40D0-A541-26FA9C4AB7BA}.Debug|x86.Build.0 = Debug|Any CPU
		{3D6F4B7C-7929-40D0-A541-26FA9C4AB7BA}.Release|Any CPU.ActiveCfg = Release|Any CPU
		{3D6F4B7C-7929-40D0-A541-26FA9C4AB7BA}.Release|Any CPU.Build.0 = Release|Any CPU
		{3D6F4B7C-7929-40D0-A541-26FA9C4AB7BA}.Release|x86.ActiveCfg = Release|Any CPU
		{3D6F4B7C-7929-40D0-A541-26FA9C4AB7BA}.Release|x86.Build.0 = Release|Any CPU
		{2A4C036F-145F-437C-8BFC-F75F6A51DF3A}.Debug|Any CPU.ActiveCfg = Debug|Any CPU
		{2A4C036F-145F-437C-8BFC-F75F6A51DF3A}.Debug|Any CPU.Build.0 = Debug|Any CPU
		{2A4C036F-145F-437C-8BFC-F75F6A51DF3A}.Debug|x86.ActiveCfg = Debug|Any CPU
		{2A4C036F-145F-437C-8BFC-F75F6A51DF3A}.Debug|x86.Build.0 = Debug|Any CPU
		{2A4C036F-145F-437C-8BFC-F75F6A51DF3A}.Release|Any CPU.ActiveCfg = Release|Any CPU
		{2A4C036F-145F-437C-8BFC-F75F6A51DF3A}.Release|Any CPU.Build.0 = Release|Any CPU
		{2A4C036F-145F-437C-8BFC-F75F6A51DF3A}.Release|x86.ActiveCfg = Release|Any CPU
		{2A4C036F-145F-437C-8BFC-F75F6A51DF3A}.Release|x86.Build.0 = Release|Any CPU
		{0D4436AA-D3BB-4590-A250-1CFA1287B05F}.Debug|Any CPU.ActiveCfg = Debug|Any CPU
		{0D4436AA-D3BB-4590-A250-1CFA1287B05F}.Debug|Any CPU.Build.0 = Debug|Any CPU
		{0D4436AA-D3BB-4590-A250-1CFA1287B05F}.Debug|x86.ActiveCfg = Debug|Any CPU
		{0D4436AA-D3BB-4590-A250-1CFA1287B05F}.Debug|x86.Build.0 = Debug|Any CPU
		{0D4436AA-D3BB-4590-A250-1CFA1287B05F}.Release|Any CPU.ActiveCfg = Release|Any CPU
		{0D4436AA-D3BB-4590-A250-1CFA1287B05F}.Release|Any CPU.Build.0 = Release|Any CPU
		{0D4436AA-D3BB-4590-A250-1CFA1287B05F}.Release|x86.ActiveCfg = Release|Any CPU
		{0D4436AA-D3BB-4590-A250-1CFA1287B05F}.Release|x86.Build.0 = Release|Any CPU
		{8C76728B-A0B4-475E-B623-92B6EA369570}.Debug|Any CPU.ActiveCfg = Debug|Any CPU
		{8C76728B-A0B4-475E-B623-92B6EA369570}.Debug|Any CPU.Build.0 = Debug|Any CPU
		{8C76728B-A0B4-475E-B623-92B6EA369570}.Debug|x86.ActiveCfg = Debug|Any CPU
		{8C76728B-A0B4-475E-B623-92B6EA369570}.Debug|x86.Build.0 = Debug|Any CPU
		{8C76728B-A0B4-475E-B623-92B6EA369570}.Release|Any CPU.ActiveCfg = Release|Any CPU
		{8C76728B-A0B4-475E-B623-92B6EA369570}.Release|Any CPU.Build.0 = Release|Any CPU
		{8C76728B-A0B4-475E-B623-92B6EA369570}.Release|x86.ActiveCfg = Release|Any CPU
		{8C76728B-A0B4-475E-B623-92B6EA369570}.Release|x86.Build.0 = Release|Any CPU
		{8F0CA6D4-B8E5-4BDD-8860-B4B0CBB7F065}.Debug|Any CPU.ActiveCfg = Debug|Any CPU
		{8F0CA6D4-B8E5-4BDD-8860-B4B0CBB7F065}.Debug|Any CPU.Build.0 = Debug|Any CPU
		{8F0CA6D4-B8E5-4BDD-8860-B4B0CBB7F065}.Debug|x86.ActiveCfg = Debug|Any CPU
		{8F0CA6D4-B8E5-4BDD-8860-B4B0CBB7F065}.Debug|x86.Build.0 = Debug|Any CPU
		{8F0CA6D4-B8E5-4BDD-8860-B4B0CBB7F065}.Release|Any CPU.ActiveCfg = Release|Any CPU
		{8F0CA6D4-B8E5-4BDD-8860-B4B0CBB7F065}.Release|Any CPU.Build.0 = Release|Any CPU
		{8F0CA6D4-B8E5-4BDD-8860-B4B0CBB7F065}.Release|x86.ActiveCfg = Release|Any CPU
		{8F0CA6D4-B8E5-4BDD-8860-B4B0CBB7F065}.Release|x86.Build.0 = Release|Any CPU
		{4D27CDF0-6FE0-4F1F-98A7-B54E6B7120AF}.Debug|Any CPU.ActiveCfg = Debug|Any CPU
		{4D27CDF0-6FE0-4F1F-98A7-B54E6B7120AF}.Debug|Any CPU.Build.0 = Debug|Any CPU
		{4D27CDF0-6FE0-4F1F-98A7-B54E6B7120AF}.Debug|x86.ActiveCfg = Debug|Any CPU
		{4D27CDF0-6FE0-4F1F-98A7-B54E6B7120AF}.Debug|x86.Build.0 = Debug|Any CPU
		{4D27CDF0-6FE0-4F1F-98A7-B54E6B7120AF}.Release|Any CPU.ActiveCfg = Release|Any CPU
		{4D27CDF0-6FE0-4F1F-98A7-B54E6B7120AF}.Release|Any CPU.Build.0 = Release|Any CPU
		{4D27CDF0-6FE0-4F1F-98A7-B54E6B7120AF}.Release|x86.ActiveCfg = Release|Any CPU
		{4D27CDF0-6FE0-4F1F-98A7-B54E6B7120AF}.Release|x86.Build.0 = Release|Any CPU
		{4D45680C-3DE3-49E2-94DC-779C7F702AE5}.Debug|Any CPU.ActiveCfg = Debug|Any CPU
		{4D45680C-3DE3-49E2-94DC-779C7F702AE5}.Debug|Any CPU.Build.0 = Debug|Any CPU
		{4D45680C-3DE3-49E2-94DC-779C7F702AE5}.Debug|x86.ActiveCfg = Debug|Any CPU
		{4D45680C-3DE3-49E2-94DC-779C7F702AE5}.Debug|x86.Build.0 = Debug|Any CPU
		{4D45680C-3DE3-49E2-94DC-779C7F702AE5}.Release|Any CPU.ActiveCfg = Release|Any CPU
		{4D45680C-3DE3-49E2-94DC-779C7F702AE5}.Release|Any CPU.Build.0 = Release|Any CPU
		{4D45680C-3DE3-49E2-94DC-779C7F702AE5}.Release|x86.ActiveCfg = Release|Any CPU
		{4D45680C-3DE3-49E2-94DC-779C7F702AE5}.Release|x86.Build.0 = Release|Any CPU
		{A5DB0BAF-A0AC-4E9D-B87E-A4B8120494CD}.Debug|Any CPU.ActiveCfg = Debug|Any CPU
		{A5DB0BAF-A0AC-4E9D-B87E-A4B8120494CD}.Debug|Any CPU.Build.0 = Debug|Any CPU
		{A5DB0BAF-A0AC-4E9D-B87E-A4B8120494CD}.Debug|x86.ActiveCfg = Debug|Any CPU
		{A5DB0BAF-A0AC-4E9D-B87E-A4B8120494CD}.Debug|x86.Build.0 = Debug|Any CPU
		{A5DB0BAF-A0AC-4E9D-B87E-A4B8120494CD}.Release|Any CPU.ActiveCfg = Release|Any CPU
		{A5DB0BAF-A0AC-4E9D-B87E-A4B8120494CD}.Release|Any CPU.Build.0 = Release|Any CPU
		{A5DB0BAF-A0AC-4E9D-B87E-A4B8120494CD}.Release|x86.ActiveCfg = Release|Any CPU
		{A5DB0BAF-A0AC-4E9D-B87E-A4B8120494CD}.Release|x86.Build.0 = Release|Any CPU
		{BC3E881C-1C12-4FFB-80C2-E2D3D22DAA98}.Debug|Any CPU.ActiveCfg = Debug|Any CPU
		{BC3E881C-1C12-4FFB-80C2-E2D3D22DAA98}.Debug|Any CPU.Build.0 = Debug|Any CPU
		{BC3E881C-1C12-4FFB-80C2-E2D3D22DAA98}.Debug|x86.ActiveCfg = Debug|Any CPU
		{BC3E881C-1C12-4FFB-80C2-E2D3D22DAA98}.Debug|x86.Build.0 = Debug|Any CPU
		{BC3E881C-1C12-4FFB-80C2-E2D3D22DAA98}.Release|Any CPU.ActiveCfg = Release|Any CPU
		{BC3E881C-1C12-4FFB-80C2-E2D3D22DAA98}.Release|Any CPU.Build.0 = Release|Any CPU
		{BC3E881C-1C12-4FFB-80C2-E2D3D22DAA98}.Release|x86.ActiveCfg = Release|Any CPU
		{BC3E881C-1C12-4FFB-80C2-E2D3D22DAA98}.Release|x86.Build.0 = Release|Any CPU
		{626E9A12-E979-492F-894C-8338C846E748}.Debug|Any CPU.ActiveCfg = Debug|Any CPU
		{626E9A12-E979-492F-894C-8338C846E748}.Debug|Any CPU.Build.0 = Debug|Any CPU
		{626E9A12-E979-492F-894C-8338C846E748}.Debug|x86.ActiveCfg = Debug|Any CPU
		{626E9A12-E979-492F-894C-8338C846E748}.Debug|x86.Build.0 = Debug|Any CPU
		{626E9A12-E979-492F-894C-8338C846E748}.Release|Any CPU.ActiveCfg = Release|Any CPU
		{626E9A12-E979-492F-894C-8338C846E748}.Release|Any CPU.Build.0 = Release|Any CPU
		{626E9A12-E979-492F-894C-8338C846E748}.Release|x86.ActiveCfg = Release|Any CPU
		{626E9A12-E979-492F-894C-8338C846E748}.Release|x86.Build.0 = Release|Any CPU
		{20F43B5B-6C25-458E-80E1-51FDDD067704}.Debug|Any CPU.ActiveCfg = Debug|Any CPU
		{20F43B5B-6C25-458E-80E1-51FDDD067704}.Debug|Any CPU.Build.0 = Debug|Any CPU
		{20F43B5B-6C25-458E-80E1-51FDDD067704}.Debug|x86.ActiveCfg = Debug|Any CPU
		{20F43B5B-6C25-458E-80E1-51FDDD067704}.Debug|x86.Build.0 = Debug|Any CPU
		{20F43B5B-6C25-458E-80E1-51FDDD067704}.Release|Any CPU.ActiveCfg = Release|Any CPU
		{20F43B5B-6C25-458E-80E1-51FDDD067704}.Release|Any CPU.Build.0 = Release|Any CPU
		{20F43B5B-6C25-458E-80E1-51FDDD067704}.Release|x86.ActiveCfg = Release|Any CPU
		{20F43B5B-6C25-458E-80E1-51FDDD067704}.Release|x86.Build.0 = Release|Any CPU
		{D5D8A9B7-916C-4519-BDE7-86F942C6C4CF}.Debug|Any CPU.ActiveCfg = Debug|Any CPU
		{D5D8A9B7-916C-4519-BDE7-86F942C6C4CF}.Debug|Any CPU.Build.0 = Debug|Any CPU
		{D5D8A9B7-916C-4519-BDE7-86F942C6C4CF}.Debug|x86.ActiveCfg = Debug|Any CPU
		{D5D8A9B7-916C-4519-BDE7-86F942C6C4CF}.Debug|x86.Build.0 = Debug|Any CPU
		{D5D8A9B7-916C-4519-BDE7-86F942C6C4CF}.Release|Any CPU.ActiveCfg = Release|Any CPU
		{D5D8A9B7-916C-4519-BDE7-86F942C6C4CF}.Release|Any CPU.Build.0 = Release|Any CPU
		{D5D8A9B7-916C-4519-BDE7-86F942C6C4CF}.Release|x86.ActiveCfg = Release|Any CPU
		{D5D8A9B7-916C-4519-BDE7-86F942C6C4CF}.Release|x86.Build.0 = Release|Any CPU
		{F87B4389-135A-4746-9B67-47994817373F}.Debug|Any CPU.ActiveCfg = Debug|Any CPU
		{F87B4389-135A-4746-9B67-47994817373F}.Debug|Any CPU.Build.0 = Debug|Any CPU
		{F87B4389-135A-4746-9B67-47994817373F}.Debug|x86.ActiveCfg = Debug|Any CPU
		{F87B4389-135A-4746-9B67-47994817373F}.Debug|x86.Build.0 = Debug|Any CPU
		{F87B4389-135A-4746-9B67-47994817373F}.Release|Any CPU.ActiveCfg = Release|Any CPU
		{F87B4389-135A-4746-9B67-47994817373F}.Release|Any CPU.Build.0 = Release|Any CPU
		{F87B4389-135A-4746-9B67-47994817373F}.Release|x86.ActiveCfg = Release|Any CPU
		{F87B4389-135A-4746-9B67-47994817373F}.Release|x86.Build.0 = Release|Any CPU
		{D91167F7-97A1-4875-8928-9B80B9B4AA22}.Debug|Any CPU.ActiveCfg = Debug|Any CPU
		{D91167F7-97A1-4875-8928-9B80B9B4AA22}.Debug|Any CPU.Build.0 = Debug|Any CPU
		{D91167F7-97A1-4875-8928-9B80B9B4AA22}.Debug|x86.ActiveCfg = Debug|Any CPU
		{D91167F7-97A1-4875-8928-9B80B9B4AA22}.Debug|x86.Build.0 = Debug|Any CPU
		{D91167F7-97A1-4875-8928-9B80B9B4AA22}.Release|Any CPU.ActiveCfg = Release|Any CPU
		{D91167F7-97A1-4875-8928-9B80B9B4AA22}.Release|Any CPU.Build.0 = Release|Any CPU
		{D91167F7-97A1-4875-8928-9B80B9B4AA22}.Release|x86.ActiveCfg = Release|Any CPU
		{D91167F7-97A1-4875-8928-9B80B9B4AA22}.Release|x86.Build.0 = Release|Any CPU
		{7D4BA524-6C86-4F73-AC5F-8E9D231E3C3C}.Debug|Any CPU.ActiveCfg = Debug|Any CPU
		{7D4BA524-6C86-4F73-AC5F-8E9D231E3C3C}.Debug|Any CPU.Build.0 = Debug|Any CPU
		{7D4BA524-6C86-4F73-AC5F-8E9D231E3C3C}.Debug|x86.ActiveCfg = Debug|Any CPU
		{7D4BA524-6C86-4F73-AC5F-8E9D231E3C3C}.Debug|x86.Build.0 = Debug|Any CPU
		{7D4BA524-6C86-4F73-AC5F-8E9D231E3C3C}.Release|Any CPU.ActiveCfg = Release|Any CPU
		{7D4BA524-6C86-4F73-AC5F-8E9D231E3C3C}.Release|Any CPU.Build.0 = Release|Any CPU
		{7D4BA524-6C86-4F73-AC5F-8E9D231E3C3C}.Release|x86.ActiveCfg = Release|Any CPU
		{7D4BA524-6C86-4F73-AC5F-8E9D231E3C3C}.Release|x86.Build.0 = Release|Any CPU
		{7921B532-82AB-4618-B5E5-802610AFF56F}.Debug|Any CPU.ActiveCfg = Debug|Any CPU
		{7921B532-82AB-4618-B5E5-802610AFF56F}.Debug|Any CPU.Build.0 = Debug|Any CPU
		{7921B532-82AB-4618-B5E5-802610AFF56F}.Debug|x86.ActiveCfg = Debug|Any CPU
		{7921B532-82AB-4618-B5E5-802610AFF56F}.Debug|x86.Build.0 = Debug|Any CPU
		{7921B532-82AB-4618-B5E5-802610AFF56F}.Release|Any CPU.ActiveCfg = Release|Any CPU
		{7921B532-82AB-4618-B5E5-802610AFF56F}.Release|Any CPU.Build.0 = Release|Any CPU
		{7921B532-82AB-4618-B5E5-802610AFF56F}.Release|x86.ActiveCfg = Release|Any CPU
		{7921B532-82AB-4618-B5E5-802610AFF56F}.Release|x86.Build.0 = Release|Any CPU
		{61D8205C-6EE6-4B63-8AFF-B24CA54DB219}.Debug|Any CPU.ActiveCfg = Debug|Any CPU
		{61D8205C-6EE6-4B63-8AFF-B24CA54DB219}.Debug|Any CPU.Build.0 = Debug|Any CPU
		{61D8205C-6EE6-4B63-8AFF-B24CA54DB219}.Debug|x86.ActiveCfg = Debug|Any CPU
		{61D8205C-6EE6-4B63-8AFF-B24CA54DB219}.Debug|x86.Build.0 = Debug|Any CPU
		{61D8205C-6EE6-4B63-8AFF-B24CA54DB219}.Release|Any CPU.ActiveCfg = Release|Any CPU
		{61D8205C-6EE6-4B63-8AFF-B24CA54DB219}.Release|Any CPU.Build.0 = Release|Any CPU
		{61D8205C-6EE6-4B63-8AFF-B24CA54DB219}.Release|x86.ActiveCfg = Release|Any CPU
		{61D8205C-6EE6-4B63-8AFF-B24CA54DB219}.Release|x86.Build.0 = Release|Any CPU
		{BDA6268A-ADF2-4DA3-8053-81CA4AD007B0}.Debug|Any CPU.ActiveCfg = Debug|Any CPU
		{BDA6268A-ADF2-4DA3-8053-81CA4AD007B0}.Debug|Any CPU.Build.0 = Debug|Any CPU
		{BDA6268A-ADF2-4DA3-8053-81CA4AD007B0}.Debug|x86.ActiveCfg = Debug|Any CPU
		{BDA6268A-ADF2-4DA3-8053-81CA4AD007B0}.Debug|x86.Build.0 = Debug|Any CPU
		{BDA6268A-ADF2-4DA3-8053-81CA4AD007B0}.Release|Any CPU.ActiveCfg = Release|Any CPU
		{BDA6268A-ADF2-4DA3-8053-81CA4AD007B0}.Release|Any CPU.Build.0 = Release|Any CPU
		{BDA6268A-ADF2-4DA3-8053-81CA4AD007B0}.Release|x86.ActiveCfg = Release|Any CPU
		{BDA6268A-ADF2-4DA3-8053-81CA4AD007B0}.Release|x86.Build.0 = Release|Any CPU
		{C4DFB7F2-8C56-4036-B4FF-E56B456B3943}.Debug|Any CPU.ActiveCfg = Debug|x86
		{C4DFB7F2-8C56-4036-B4FF-E56B456B3943}.Debug|x86.ActiveCfg = Debug|x86
		{C4DFB7F2-8C56-4036-B4FF-E56B456B3943}.Debug|x86.Build.0 = Debug|x86
		{C4DFB7F2-8C56-4036-B4FF-E56B456B3943}.Release|Any CPU.ActiveCfg = Release|x86
		{C4DFB7F2-8C56-4036-B4FF-E56B456B3943}.Release|x86.ActiveCfg = Release|x86
		{C4DFB7F2-8C56-4036-B4FF-E56B456B3943}.Release|x86.Build.0 = Release|x86
		{38396364-FAFD-4D67-B265-32B108A797C0}.Debug|Any CPU.ActiveCfg = Debug|x86
		{38396364-FAFD-4D67-B265-32B108A797C0}.Debug|x86.ActiveCfg = Debug|x86
		{38396364-FAFD-4D67-B265-32B108A797C0}.Debug|x86.Build.0 = Debug|x86
		{38396364-FAFD-4D67-B265-32B108A797C0}.Release|Any CPU.ActiveCfg = Release|x86
		{38396364-FAFD-4D67-B265-32B108A797C0}.Release|x86.ActiveCfg = Release|x86
		{38396364-FAFD-4D67-B265-32B108A797C0}.Release|x86.Build.0 = Release|x86
		{59697F8E-2254-42D1-A7F7-6217E3FB4CF6}.Debug|Any CPU.ActiveCfg = Debug|Any CPU
		{59697F8E-2254-42D1-A7F7-6217E3FB4CF6}.Debug|Any CPU.Build.0 = Debug|Any CPU
		{59697F8E-2254-42D1-A7F7-6217E3FB4CF6}.Debug|x86.ActiveCfg = Debug|Any CPU
		{59697F8E-2254-42D1-A7F7-6217E3FB4CF6}.Debug|x86.Build.0 = Debug|Any CPU
		{59697F8E-2254-42D1-A7F7-6217E3FB4CF6}.Release|Any CPU.ActiveCfg = Release|Any CPU
		{59697F8E-2254-42D1-A7F7-6217E3FB4CF6}.Release|Any CPU.Build.0 = Release|Any CPU
		{59697F8E-2254-42D1-A7F7-6217E3FB4CF6}.Release|x86.ActiveCfg = Release|Any CPU
		{59697F8E-2254-42D1-A7F7-6217E3FB4CF6}.Release|x86.Build.0 = Release|Any CPU
		{B4514612-7B96-4FF6-B19B-DE46ABF254EE}.Debug|Any CPU.ActiveCfg = Debug|Any CPU
		{B4514612-7B96-4FF6-B19B-DE46ABF254EE}.Debug|Any CPU.Build.0 = Debug|Any CPU
		{B4514612-7B96-4FF6-B19B-DE46ABF254EE}.Debug|x86.ActiveCfg = Debug|Any CPU
		{B4514612-7B96-4FF6-B19B-DE46ABF254EE}.Debug|x86.Build.0 = Debug|Any CPU
		{B4514612-7B96-4FF6-B19B-DE46ABF254EE}.Release|Any CPU.ActiveCfg = Release|Any CPU
		{B4514612-7B96-4FF6-B19B-DE46ABF254EE}.Release|Any CPU.Build.0 = Release|Any CPU
		{B4514612-7B96-4FF6-B19B-DE46ABF254EE}.Release|x86.ActiveCfg = Release|Any CPU
		{B4514612-7B96-4FF6-B19B-DE46ABF254EE}.Release|x86.Build.0 = Release|Any CPU
		{50B9453C-A0FB-4682-912D-9B9C23230200}.Debug|Any CPU.ActiveCfg = Debug|Any CPU
		{50B9453C-A0FB-4682-912D-9B9C23230200}.Debug|Any CPU.Build.0 = Debug|Any CPU
		{50B9453C-A0FB-4682-912D-9B9C23230200}.Debug|x86.ActiveCfg = Debug|Any CPU
		{50B9453C-A0FB-4682-912D-9B9C23230200}.Debug|x86.Build.0 = Debug|Any CPU
		{50B9453C-A0FB-4682-912D-9B9C23230200}.Release|Any CPU.ActiveCfg = Release|Any CPU
		{50B9453C-A0FB-4682-912D-9B9C23230200}.Release|Any CPU.Build.0 = Release|Any CPU
		{50B9453C-A0FB-4682-912D-9B9C23230200}.Release|x86.ActiveCfg = Release|Any CPU
		{50B9453C-A0FB-4682-912D-9B9C23230200}.Release|x86.Build.0 = Release|Any CPU
		{0B9C8108-6C10-4E7F-B729-33E8715B1DBF}.Debug|Any CPU.ActiveCfg = Debug|Any CPU
		{0B9C8108-6C10-4E7F-B729-33E8715B1DBF}.Debug|Any CPU.Build.0 = Debug|Any CPU
		{0B9C8108-6C10-4E7F-B729-33E8715B1DBF}.Debug|x86.ActiveCfg = Debug|Any CPU
		{0B9C8108-6C10-4E7F-B729-33E8715B1DBF}.Debug|x86.Build.0 = Debug|Any CPU
		{0B9C8108-6C10-4E7F-B729-33E8715B1DBF}.Release|Any CPU.ActiveCfg = Release|Any CPU
		{0B9C8108-6C10-4E7F-B729-33E8715B1DBF}.Release|Any CPU.Build.0 = Release|Any CPU
		{0B9C8108-6C10-4E7F-B729-33E8715B1DBF}.Release|x86.ActiveCfg = Release|Any CPU
		{0B9C8108-6C10-4E7F-B729-33E8715B1DBF}.Release|x86.Build.0 = Release|Any CPU
		{574372B6-33AD-4E33-A6A4-B65337CED43D}.Debug|Any CPU.ActiveCfg = Debug|Any CPU
		{574372B6-33AD-4E33-A6A4-B65337CED43D}.Debug|Any CPU.Build.0 = Debug|Any CPU
		{574372B6-33AD-4E33-A6A4-B65337CED43D}.Debug|x86.ActiveCfg = Debug|Any CPU
		{574372B6-33AD-4E33-A6A4-B65337CED43D}.Debug|x86.Build.0 = Debug|Any CPU
		{574372B6-33AD-4E33-A6A4-B65337CED43D}.Release|Any CPU.ActiveCfg = Release|Any CPU
		{574372B6-33AD-4E33-A6A4-B65337CED43D}.Release|Any CPU.Build.0 = Release|Any CPU
		{574372B6-33AD-4E33-A6A4-B65337CED43D}.Release|x86.ActiveCfg = Release|Any CPU
		{574372B6-33AD-4E33-A6A4-B65337CED43D}.Release|x86.Build.0 = Release|Any CPU
	EndGlobalSection
	GlobalSection(SolutionProperties) = preSolution
		HideSolutionNode = FALSE
	EndGlobalSection
	GlobalSection(NestedProjects) = preSolution
		{442361F1-5338-417E-96EE-F025F4C3ACC6} = {D94C7441-7ECE-40A8-9C40-AA875B83BFB4}
		{96A2F082-3D66-4423-B0BF-F48ADF944563} = {D94C7441-7ECE-40A8-9C40-AA875B83BFB4}
		{B4B382C8-6DE1-498A-A7F6-23A335867A5E} = {D94C7441-7ECE-40A8-9C40-AA875B83BFB4}
		{1D2D336E-0C8C-4212-9637-D47DA8D9C987} = {D94C7441-7ECE-40A8-9C40-AA875B83BFB4}
		{1288D185-1994-4899-B5AE-DB6FEEC066A3} = {D94C7441-7ECE-40A8-9C40-AA875B83BFB4}
		{3D6F4B7C-7929-40D0-A541-26FA9C4AB7BA} = {7B8760F3-9B85-4EEF-8596-627343209237}
		{2A4C036F-145F-437C-8BFC-F75F6A51DF3A} = {68410025-D500-4DAC-A564-04EA8D0E59E2}
		{0D4436AA-D3BB-4590-A250-1CFA1287B05F} = {2C5BECFB-EB25-4A2A-9D42-62174E6D045D}
		{8C76728B-A0B4-475E-B623-92B6EA369570} = {68410025-D500-4DAC-A564-04EA8D0E59E2}
		{8F0CA6D4-B8E5-4BDD-8860-B4B0CBB7F065} = {0A0616C1-6960-483C-AC23-21F70B8E0E9B}
		{4D27CDF0-6FE0-4F1F-98A7-B54E6B7120AF} = {D94C7441-7ECE-40A8-9C40-AA875B83BFB4}
		{4D45680C-3DE3-49E2-94DC-779C7F702AE5} = {505F64A0-20C6-4D3D-9B4A-42E40935E335}
		{A5DB0BAF-A0AC-4E9D-B87E-A4B8120494CD} = {76CBB419-DFC3-47E7-84F8-E1C92E0E799D}
		{BC3E881C-1C12-4FFB-80C2-E2D3D22DAA98} = {505F64A0-20C6-4D3D-9B4A-42E40935E335}
		{626E9A12-E979-492F-894C-8338C846E748} = {505F64A0-20C6-4D3D-9B4A-42E40935E335}
		{20F43B5B-6C25-458E-80E1-51FDDD067704} = {505F64A0-20C6-4D3D-9B4A-42E40935E335}
		{D5D8A9B7-916C-4519-BDE7-86F942C6C4CF} = {505F64A0-20C6-4D3D-9B4A-42E40935E335}
		{F87B4389-135A-4746-9B67-47994817373F} = {505F64A0-20C6-4D3D-9B4A-42E40935E335}
		{505F64A0-20C6-4D3D-9B4A-42E40935E335} = {B49E4651-6C30-48FF-A997-67C7B7BADE0C}
		{76CBB419-DFC3-47E7-84F8-E1C92E0E799D} = {B49E4651-6C30-48FF-A997-67C7B7BADE0C}
		{EBD440FC-D294-4731-BDDB-7039902C9BFC} = {B49E4651-6C30-48FF-A997-67C7B7BADE0C}
		{D91167F7-97A1-4875-8928-9B80B9B4AA22} = {EBD440FC-D294-4731-BDDB-7039902C9BFC}
		{7D4BA524-6C86-4F73-AC5F-8E9D231E3C3C} = {EBD440FC-D294-4731-BDDB-7039902C9BFC}
		{7921B532-82AB-4618-B5E5-802610AFF56F} = {EBD440FC-D294-4731-BDDB-7039902C9BFC}
		{6C2171E0-784E-40B7-A92A-D2DC676E4D4E} = {B49E4651-6C30-48FF-A997-67C7B7BADE0C}
		{EF92F1FE-00E0-478E-9ED5-BFC6E6A407B9} = {6C2171E0-784E-40B7-A92A-D2DC676E4D4E}
		{F5074D73-ADA8-43F6-BAD9-CFF1348F76B0} = {6C2171E0-784E-40B7-A92A-D2DC676E4D4E}
		{61D8205C-6EE6-4B63-8AFF-B24CA54DB219} = {D94C7441-7ECE-40A8-9C40-AA875B83BFB4}
		{03AF2EB8-15BA-443E-9516-108DB1E8B66C} = {B49E4651-6C30-48FF-A997-67C7B7BADE0C}
		{AFB4B38E-C4D9-4DC7-A6E2-A8CF9C45F687} = {B49E4651-6C30-48FF-A997-67C7B7BADE0C}
		{202706C1-2FE2-4395-BC67-6A509807DED6} = {B49E4651-6C30-48FF-A997-67C7B7BADE0C}
		{61D74E9E-6088-4E2A-A5A2-E8FE37C95920} = {03AF2EB8-15BA-443E-9516-108DB1E8B66C}
		{BDA6268A-ADF2-4DA3-8053-81CA4AD007B0} = {61D74E9E-6088-4E2A-A5A2-E8FE37C95920}
		{C4DFB7F2-8C56-4036-B4FF-E56B456B3943} = {61D74E9E-6088-4E2A-A5A2-E8FE37C95920}
		{38396364-FAFD-4D67-B265-32B108A797C0} = {61D74E9E-6088-4E2A-A5A2-E8FE37C95920}
		{E8342640-AAA2-481E-8ECB-DE3D0999E642} = {B49E4651-6C30-48FF-A997-67C7B7BADE0C}
		{E0E08D57-E96A-4426-B1B2-67C7C237FFE1} = {E8342640-AAA2-481E-8ECB-DE3D0999E642}
		{C015DF55-DF0E-4E17-B17A-119510569908} = {B49E4651-6C30-48FF-A997-67C7B7BADE0C}
		{59697F8E-2254-42D1-A7F7-6217E3FB4CF6} = {C015DF55-DF0E-4E17-B17A-119510569908}
		{CC8A3EAF-5103-4B98-AE06-A5154B6AD92C} = {03AF2EB8-15BA-443E-9516-108DB1E8B66C}
		{B4514612-7B96-4FF6-B19B-DE46ABF254EE} = {CC8A3EAF-5103-4B98-AE06-A5154B6AD92C}
		{97999BCA-D1BA-4FB4-9025-2652A69828B9} = {03AF2EB8-15BA-443E-9516-108DB1E8B66C}
		{567E19C0-8754-4CAD-8A4C-F80D39E3D723} = {03AF2EB8-15BA-443E-9516-108DB1E8B66C}
		{50B9453C-A0FB-4682-912D-9B9C23230200} = {567E19C0-8754-4CAD-8A4C-F80D39E3D723}
		{599B4159-93CA-438C-A99C-CC37ABBD1DEB} = {B49E4651-6C30-48FF-A997-67C7B7BADE0C}
		{601783CD-7E58-4934-9A47-C6826895AC10} = {599B4159-93CA-438C-A99C-CC37ABBD1DEB}
		{A36238D6-F8E9-4E77-B88F-407506DD8847} = {599B4159-93CA-438C-A99C-CC37ABBD1DEB}
		{449A9553-C358-4C06-9C09-AEEAB7FD0537} = {599B4159-93CA-438C-A99C-CC37ABBD1DEB}
		{70EEE6FB-B5B2-44FC-AC79-66F28FC319E3} = {B49E4651-6C30-48FF-A997-67C7B7BADE0C}
		{828C1753-07B9-48FA-B7F8-8CD7DA6D29B6} = {70EEE6FB-B5B2-44FC-AC79-66F28FC319E3}
		{0B9C8108-6C10-4E7F-B729-33E8715B1DBF} = {C8A38ED4-DD14-41EB-9E25-E045CD2E7E55}
		{DEA25E76-1B0D-4185-84DF-3DAE5A3D09B9} = {AFB4B38E-C4D9-4DC7-A6E2-A8CF9C45F687}
		{D7DB45E1-06C1-4EFB-971F-C360DC75C4E6} = {B49E4651-6C30-48FF-A997-67C7B7BADE0C}
		{2A815B7C-B540-40C5-BBD6-AFE6C26FE32E} = {D7DB45E1-06C1-4EFB-971F-C360DC75C4E6}
		{C31313CD-A5B9-4AF7-98B6-31031894FE93} = {D7DB45E1-06C1-4EFB-971F-C360DC75C4E6}
		{749F7286-5EA5-4A9F-996C-274372A07D10} = {D7DB45E1-06C1-4EFB-971F-C360DC75C4E6}
		{574372B6-33AD-4E33-A6A4-B65337CED43D} = {C8A38ED4-DD14-41EB-9E25-E045CD2E7E55}
	EndGlobalSection
	GlobalSection(ExtensibilityGlobals) = postSolution
		SolutionGuid = {00717EB0-2376-4541-BE63-40982E4778BD}
	EndGlobalSection
EndGlobal
