
Microsoft Visual Studio Solution File, Format Version 12.00
# Visual Studio 15
VisualStudioVersion = 15.0.27130.2036
MinimumVisualStudioVersion = 10.0.40219.1
Project("{9A19103F-16F7-4668-BE54-9A1E7A4F7556}") = "Built.Grpc", "src\Built.Grpc\Built.Grpc.csproj", "{0851F8CB-3018-441F-87BD-24BDCFC21577}"
EndProject
Project("{FAE04EC0-301F-11D3-BF4B-00C04F79EFBC}") = "Built", "src\Built\Built\Built.csproj", "{CA8F5FBC-6894-4F43-B64A-0AD4BF4CBFA5}"
EndProject
Global
	GlobalSection(SolutionConfigurationPlatforms) = preSolution
		Debug|Any CPU = Debug|Any CPU
		Release|Any CPU = Release|Any CPU
	EndGlobalSection
	GlobalSection(ProjectConfigurationPlatforms) = postSolution
		{0851F8CB-3018-441F-87BD-24BDCFC21577}.Debug|Any CPU.ActiveCfg = Debug|Any CPU
		{0851F8CB-3018-441F-87BD-24BDCFC21577}.Debug|Any CPU.Build.0 = Debug|Any CPU
		{0851F8CB-3018-441F-87BD-24BDCFC21577}.Release|Any CPU.ActiveCfg = Release|Any CPU
		{0851F8CB-3018-441F-87BD-24BDCFC21577}.Release|Any CPU.Build.0 = Release|Any CPU
		{CA8F5FBC-6894-4F43-B64A-0AD4BF4CBFA5}.Debug|Any CPU.ActiveCfg = Debug|Any CPU
		{CA8F5FBC-6894-4F43-B64A-0AD4BF4CBFA5}.Debug|Any CPU.Build.0 = Debug|Any CPU
		{CA8F5FBC-6894-4F43-B64A-0AD4BF4CBFA5}.Release|Any CPU.ActiveCfg = Release|Any CPU
		{CA8F5FBC-6894-4F43-B64A-0AD4BF4CBFA5}.Release|Any CPU.Build.0 = Release|Any CPU
	EndGlobalSection
	GlobalSection(SolutionProperties) = preSolution
		HideSolutionNode = FALSE
	EndGlobalSection
	GlobalSection(ExtensibilityGlobals) = postSolution
		SolutionGuid = {00717EB0-2376-4541-BE63-40982E4778BD}
	EndGlobalSection
EndGlobal
